
Microsoft Visual Studio Solution File, Format Version 12.00
# Visual Studio Version 17
VisualStudioVersion = 17.0.32014.148
MinimumVisualStudioVersion = 10.0.40219.1
Project("{FAE04EC0-301F-11D3-BF4B-00C04F79EFBC}") = "ShapeHelper", "ShapeHelper\ShapeHelper.csproj", "{DB5C5451-4657-46FD-B0D1-99A8FCBBCB02}"
EndProject
Project("{FAE04EC0-301F-11D3-BF4B-00C04F79EFBC}") = "ShapeHelper.Tests", "ShapeHelper.Tests\ShapeHelper.Tests.csproj", "{A663B70E-D61E-4CBD-BDAB-93DF3BC8347A}"
EndProject
Global
	GlobalSection(SolutionConfigurationPlatforms) = preSolution
		Debug|Any CPU = Debug|Any CPU
		Release|Any CPU = Release|Any CPU
	EndGlobalSection
	GlobalSection(ProjectConfigurationPlatforms) = postSolution
		{DB5C5451-4657-46FD-B0D1-99A8FCBBCB02}.Debug|Any CPU.ActiveCfg = Debug|Any CPU
		{DB5C5451-4657-46FD-B0D1-99A8FCBBCB02}.Debug|Any CPU.Build.0 = Debug|Any CPU
		{DB5C5451-4657-46FD-B0D1-99A8FCBBCB02}.Release|Any CPU.ActiveCfg = Release|Any CPU
		{DB5C5451-4657-46FD-B0D1-99A8FCBBCB02}.Release|Any CPU.Build.0 = Release|Any CPU
		{A663B70E-D61E-4CBD-BDAB-93DF3BC8347A}.Debug|Any CPU.ActiveCfg = Debug|Any CPU
		{A663B70E-D61E-4CBD-BDAB-93DF3BC8347A}.Debug|Any CPU.Build.0 = Debug|Any CPU
		{A663B70E-D61E-4CBD-BDAB-93DF3BC8347A}.Release|Any CPU.ActiveCfg = Release|Any CPU
		{A663B70E-D61E-4CBD-BDAB-93DF3BC8347A}.Release|Any CPU.Build.0 = Release|Any CPU
	EndGlobalSection
	GlobalSection(SolutionProperties) = preSolution
		HideSolutionNode = FALSE
	EndGlobalSection
	GlobalSection(ExtensibilityGlobals) = postSolution
		SolutionGuid = {253F13B1-8AB8-4522-9E91-A64CDBEFC518}
	EndGlobalSection
EndGlobal
